{
  "object": {
    "pins": [
      {
        "package": "PureSwiftUI",
        "repositoryURL": "https://github.com/CodeSlicing/pure-swift-ui.git",
        "state": {
          "branch": null,
          "revision": "a4e8b5aba8eedb5fa761d850721b2fe4e5a80bb6",
          "version": "1.15.1"
        }
      }
    ]
  },
  "version": 1
}
