// !$*UTF8*$!
{
	archiveVersion = 1;
	classes = {
	};
	objectVersion = 50;
	objects = {

/* Begin PBXBuildFile section */
		AD67673624D8229700521118 /* EditingPage.swift in Sources */ = {isa = PBXBuildFile; fileRef = AD67673524D8229700521118 /* EditingPage.swift */; };
		ADBF102224EFDEB000036398 /* Localizable.strings in Resources */ = {isa = PBXBuildFile; fileRef = ADBF102424EFDEB000036398 /* Localizable.strings */; };
		ADD9D46324FDE5BD00FE016D /* EditButton.swift in Sources */ = {isa = PBXBuildFile; fileRef = ADD9D46224FDE5BD00FE016D /* EditButton.swift */; };
		ADD9D46524FDF04600FE016D /* LikeButon.swift in Sources */ = {isa = PBXBuildFile; fileRef = ADD9D46424FDF04600FE016D /* LikeButon.swift */; };
		ADDF900024D7FE49006A1399 /* AppDelegate.swift in Sources */ = {isa = PBXBuildFile; fileRef = ADDF8FFF24D7FE49006A1399 /* AppDelegate.swift */; };
		ADDF900224D7FE49006A1399 /* SceneDelegate.swift in Sources */ = {isa = PBXBuildFile; fileRef = ADDF900124D7FE49006A1399 /* SceneDelegate.swift */; };
		ADDF900424D7FE49006A1399 /* ContentView.swift in Sources */ = {isa = PBXBuildFile; fileRef = ADDF900324D7FE49006A1399 /* ContentView.swift */; };
		ADDF900624D7FE4A006A1399 /* Assets.xcassets in Resources */ = {isa = PBXBuildFile; fileRef = ADDF900524D7FE4A006A1399 /* Assets.xcassets */; };
		ADDF900924D7FE4A006A1399 /* Preview Assets.xcassets in Resources */ = {isa = PBXBuildFile; fileRef = ADDF900824D7FE4A006A1399 /* Preview Assets.xcassets */; };
		ADDF900C24D7FE4A006A1399 /* LaunchScreen.storyboard in Resources */ = {isa = PBXBuildFile; fileRef = ADDF900A24D7FE4A006A1399 /* LaunchScreen.storyboard */; };
		ADDF903224D8076C006A1399 /* UserData.swift in Sources */ = {isa = PBXBuildFile; fileRef = ADDF903124D8076C006A1399 /* UserData.swift */; };
		ADEE743724D80D4C0010C2D8 /* SingleCardView.swift in Sources */ = {isa = PBXBuildFile; fileRef = ADEE743624D80D4C0010C2D8 /* SingleCardView.swift */; };
/* End PBXBuildFile section */

/* Begin PBXCopyFilesBuildPhase section */
		AD6632F624E3BDB700B985F1 /* Embed App Extensions */ = {
			isa = PBXCopyFilesBuildPhase;
			buildActionMask = 2147483647;
			dstPath = "";
			dstSubfolderSpec = 13;
			files = (
			);
			name = "Embed App Extensions";
			runOnlyForDeploymentPostprocessing = 0;
		};
/* End PBXCopyFilesBuildPhase section */

/* Begin PBXFileReference section */
		AD6632E324E3BDB400B985F1 /* WidgetKit.framework */ = {isa = PBXFileReference; lastKnownFileType = wrapper.framework; name = WidgetKit.framework; path = System/Library/Frameworks/WidgetKit.framework; sourceTree = SDKROOT; };
		AD6632E524E3BDB400B985F1 /* SwiftUI.framework */ = {isa = PBXFileReference; lastKnownFileType = wrapper.framework; name = SwiftUI.framework; path = System/Library/Frameworks/SwiftUI.framework; sourceTree = SDKROOT; };
		AD67673524D8229700521118 /* EditingPage.swift */ = {isa = PBXFileReference; lastKnownFileType = sourcecode.swift; path = EditingPage.swift; sourceTree = "<group>"; };
		ADBF102324EFDEB000036398 /* en */ = {isa = PBXFileReference; lastKnownFileType = text.plist.strings; name = en; path = en.lproj/Localizable.strings; sourceTree = "<group>"; };
		ADBF102524EFE03D00036398 /* zh-Hant */ = {isa = PBXFileReference; lastKnownFileType = text.plist.strings; name = "zh-Hant"; path = "zh-Hant.lproj/Localizable.strings"; sourceTree = "<group>"; };
		ADBF102624EFE05700036398 /* zh-Hans */ = {isa = PBXFileReference; lastKnownFileType = text.plist.strings; name = "zh-Hans"; path = "zh-Hans.lproj/Localizable.strings"; sourceTree = "<group>"; };
		ADBF102724EFE06F00036398 /* ja */ = {isa = PBXFileReference; lastKnownFileType = text.plist.strings; name = ja; path = ja.lproj/Localizable.strings; sourceTree = "<group>"; };
		ADBF102824EFE08700036398 /* ko */ = {isa = PBXFileReference; lastKnownFileType = text.plist.strings; name = ko; path = ko.lproj/Localizable.strings; sourceTree = "<group>"; };
		ADBF102924EFE1AE00036398 /* es */ = {isa = PBXFileReference; lastKnownFileType = text.plist.strings; name = es; path = es.lproj/Localizable.strings; sourceTree = "<group>"; };
		ADBF102A24EFE29200036398 /* fr */ = {isa = PBXFileReference; lastKnownFileType = text.plist.strings; name = fr; path = fr.lproj/Localizable.strings; sourceTree = "<group>"; };
		ADBF102B24EFE32400036398 /* de */ = {isa = PBXFileReference; lastKnownFileType = text.plist.strings; name = de; path = de.lproj/Localizable.strings; sourceTree = "<group>"; };
		ADBF102C24EFF7B800036398 /* ru */ = {isa = PBXFileReference; lastKnownFileType = text.plist.strings; name = ru; path = ru.lproj/Localizable.strings; sourceTree = "<group>"; };
		ADBF102D24EFF82100036398 /* pt-PT */ = {isa = PBXFileReference; lastKnownFileType = text.plist.strings; name = "pt-PT"; path = "pt-PT.lproj/Localizable.strings"; sourceTree = "<group>"; };
		ADD9D46224FDE5BD00FE016D /* EditButton.swift */ = {isa = PBXFileReference; lastKnownFileType = sourcecode.swift; path = EditButton.swift; sourceTree = "<group>"; };
		ADD9D46424FDF04600FE016D /* LikeButon.swift */ = {isa = PBXFileReference; lastKnownFileType = sourcecode.swift; path = LikeButon.swift; sourceTree = "<group>"; };
		ADDF8FFC24D7FE49006A1399 /* ToDo.app */ = {isa = PBXFileReference; explicitFileType = wrapper.application; includeInIndex = 0; path = ToDo.app; sourceTree = BUILT_PRODUCTS_DIR; };
		ADDF8FFF24D7FE49006A1399 /* AppDelegate.swift */ = {isa = PBXFileReference; lastKnownFileType = sourcecode.swift; path = AppDelegate.swift; sourceTree = "<group>"; };
		ADDF900124D7FE49006A1399 /* SceneDelegate.swift */ = {isa = PBXFileReference; lastKnownFileType = sourcecode.swift; path = SceneDelegate.swift; sourceTree = "<group>"; };
		ADDF900324D7FE49006A1399 /* ContentView.swift */ = {isa = PBXFileReference; lastKnownFileType = sourcecode.swift; path = ContentView.swift; sourceTree = "<group>"; };
		ADDF900524D7FE4A006A1399 /* Assets.xcassets */ = {isa = PBXFileReference; lastKnownFileType = folder.assetcatalog; path = Assets.xcassets; sourceTree = "<group>"; };
		ADDF900824D7FE4A006A1399 /* Preview Assets.xcassets */ = {isa = PBXFileReference; lastKnownFileType = folder.assetcatalog; path = "Preview Assets.xcassets"; sourceTree = "<group>"; };
		ADDF900B24D7FE4A006A1399 /* Base */ = {isa = PBXFileReference; lastKnownFileType = file.storyboard; name = Base; path = Base.lproj/LaunchScreen.storyboard; sourceTree = "<group>"; };
		ADDF900D24D7FE4A006A1399 /* Info.plist */ = {isa = PBXFileReference; lastKnownFileType = text.plist.xml; path = Info.plist; sourceTree = "<group>"; };
		ADDF903124D8076C006A1399 /* UserData.swift */ = {isa = PBXFileReference; lastKnownFileType = sourcecode.swift; path = UserData.swift; sourceTree = "<group>"; };
		ADEE743624D80D4C0010C2D8 /* SingleCardView.swift */ = {isa = PBXFileReference; lastKnownFileType = sourcecode.swift; path = SingleCardView.swift; sourceTree = "<group>"; };
/* End PBXFileReference section */

/* Begin PBXFrameworksBuildPhase section */
		ADDF8FF924D7FE49006A1399 /* Frameworks */ = {
			isa = PBXFrameworksBuildPhase;
			buildActionMask = 2147483647;
			files = (
			);
			runOnlyForDeploymentPostprocessing = 0;
		};
/* End PBXFrameworksBuildPhase section */

/* Begin PBXGroup section */
		AD6632E224E3BDB400B985F1 /* Frameworks */ = {
			isa = PBXGroup;
			children = (
				AD6632E324E3BDB400B985F1 /* WidgetKit.framework */,
				AD6632E524E3BDB400B985F1 /* SwiftUI.framework */,
			);
			name = Frameworks;
			sourceTree = "<group>";
		};
		ADDF8FF324D7FE49006A1399 = {
			isa = PBXGroup;
			children = (
				ADDF8FFE24D7FE49006A1399 /* ToDo */,
				AD6632E224E3BDB400B985F1 /* Frameworks */,
				ADDF8FFD24D7FE49006A1399 /* Products */,
			);
			sourceTree = "<group>";
		};
		ADDF8FFD24D7FE49006A1399 /* Products */ = {
			isa = PBXGroup;
			children = (
				ADDF8FFC24D7FE49006A1399 /* ToDo.app */,
			);
			name = Products;
			sourceTree = "<group>";
		};
		ADDF8FFE24D7FE49006A1399 /* ToDo */ = {
			isa = PBXGroup;
			children = (
				ADDF8FFF24D7FE49006A1399 /* AppDelegate.swift */,
				ADDF900124D7FE49006A1399 /* SceneDelegate.swift */,
				ADDF903124D8076C006A1399 /* UserData.swift */,
				ADDF900324D7FE49006A1399 /* ContentView.swift */,
				ADEE743624D80D4C0010C2D8 /* SingleCardView.swift */,
				AD67673524D8229700521118 /* EditingPage.swift */,
				ADE1D51425173F1D0059232B /* Useless */,
				ADBF102424EFDEB000036398 /* Localizable.strings */,
				ADDF900524D7FE4A006A1399 /* Assets.xcassets */,
				ADDF900A24D7FE4A006A1399 /* LaunchScreen.storyboard */,
				ADDF900D24D7FE4A006A1399 /* Info.plist */,
				ADDF900724D7FE4A006A1399 /* Preview Content */,
			);
			path = ToDo;
			sourceTree = "<group>";
		};
		ADDF900724D7FE4A006A1399 /* Preview Content */ = {
			isa = PBXGroup;
			children = (
				ADDF900824D7FE4A006A1399 /* Preview Assets.xcassets */,
			);
			path = "Preview Content";
			sourceTree = "<group>";
		};
		ADE1D51425173F1D0059232B /* Useless */ = {
			isa = PBXGroup;
			children = (
				ADD9D46224FDE5BD00FE016D /* EditButton.swift */,
				ADD9D46424FDF04600FE016D /* LikeButon.swift */,
			);
			path = Useless;
			sourceTree = "<group>";
		};
/* End PBXGroup section */

/* Begin PBXNativeTarget section */
		ADDF8FFB24D7FE49006A1399 /* ToDo */ = {
			isa = PBXNativeTarget;
			buildConfigurationList = ADDF902624D7FE4A006A1399 /* Build configuration list for PBXNativeTarget "ToDo" */;
			buildPhases = (
				ADDF8FF824D7FE49006A1399 /* Sources */,
				ADDF8FF924D7FE49006A1399 /* Frameworks */,
				ADDF8FFA24D7FE49006A1399 /* Resources */,
				AD6632F624E3BDB700B985F1 /* Embed App Extensions */,
			);
			buildRules = (
			);
			dependencies = (
			);
			name = ToDo;
			packageProductDependencies = (
			);
			productName = ToDo;
			productReference = ADDF8FFC24D7FE49006A1399 /* ToDo.app */;
			productType = "com.apple.product-type.application";
		};
/* End PBXNativeTarget section */

/* Begin PBXProject section */
		ADDF8FF424D7FE49006A1399 /* Project object */ = {
			isa = PBXProject;
			attributes = {
				LastSwiftUpdateCheck = 1200;
				LastUpgradeCheck = 1200;
				TargetAttributes = {
					ADDF8FFB24D7FE49006A1399 = {
						CreatedOnToolsVersion = 12.0;
					};
				};
			};
			buildConfigurationList = ADDF8FF724D7FE49006A1399 /* Build configuration list for PBXProject "ToDo" */;
			compatibilityVersion = "Xcode 9.3";
			developmentRegion = en;
			hasScannedForEncodings = 0;
			knownRegions = (
				en,
				Base,
				"zh-Hant",
				"zh-Hans",
				ja,
				ko,
				es,
				fr,
				de,
				ru,
				"pt-PT",
			);
			mainGroup = ADDF8FF324D7FE49006A1399;
			packageReferences = (
			);
			productRefGroup = ADDF8FFD24D7FE49006A1399 /* Products */;
			projectDirPath = "";
			projectRoot = "";
			targets = (
				ADDF8FFB24D7FE49006A1399 /* ToDo */,
			);
		};
/* End PBXProject section */

/* Begin PBXResourcesBuildPhase section */
		ADDF8FFA24D7FE49006A1399 /* Resources */ = {
			isa = PBXResourcesBuildPhase;
			buildActionMask = 2147483647;
			files = (
				ADDF900C24D7FE4A006A1399 /* LaunchScreen.storyboard in Resources */,
				ADBF102224EFDEB000036398 /* Localizable.strings in Resources */,
				ADDF900924D7FE4A006A1399 /* Preview Assets.xcassets in Resources */,
				ADDF900624D7FE4A006A1399 /* Assets.xcassets in Resources */,
			);
			runOnlyForDeploymentPostprocessing = 0;
		};
/* End PBXResourcesBuildPhase section */

/* Begin PBXSourcesBuildPhase section */
		ADDF8FF824D7FE49006A1399 /* Sources */ = {
			isa = PBXSourcesBuildPhase;
			buildActionMask = 2147483647;
			files = (
				ADDF900024D7FE49006A1399 /* AppDelegate.swift in Sources */,
				AD67673624D8229700521118 /* EditingPage.swift in Sources */,
				ADDF900224D7FE49006A1399 /* SceneDelegate.swift in Sources */,
				ADDF903224D8076C006A1399 /* UserData.swift in Sources */,
				ADEE743724D80D4C0010C2D8 /* SingleCardView.swift in Sources */,
				ADD9D46324FDE5BD00FE016D /* EditButton.swift in Sources */,
				ADDF900424D7FE49006A1399 /* ContentView.swift in Sources */,
				ADD9D46524FDF04600FE016D /* LikeButon.swift in Sources */,
			);
			runOnlyForDeploymentPostprocessing = 0;
		};
/* End PBXSourcesBuildPhase section */

/* Begin PBXVariantGroup section */
		ADBF102424EFDEB000036398 /* Localizable.strings */ = {
			isa = PBXVariantGroup;
			children = (
				ADBF102324EFDEB000036398 /* en */,
				ADBF102524EFE03D00036398 /* zh-Hant */,
				ADBF102624EFE05700036398 /* zh-Hans */,
				ADBF102724EFE06F00036398 /* ja */,
				ADBF102824EFE08700036398 /* ko */,
				ADBF102924EFE1AE00036398 /* es */,
				ADBF102A24EFE29200036398 /* fr */,
				ADBF102B24EFE32400036398 /* de */,
				ADBF102C24EFF7B800036398 /* ru */,
				ADBF102D24EFF82100036398 /* pt-PT */,
			);
			name = Localizable.strings;
			sourceTree = "<group>";
		};
		ADDF900A24D7FE4A006A1399 /* LaunchScreen.storyboard */ = {
			isa = PBXVariantGroup;
			children = (
				ADDF900B24D7FE4A006A1399 /* Base */,
			);
			name = LaunchScreen.storyboard;
			sourceTree = "<group>";
		};
/* End PBXVariantGroup section */

/* Begin XCBuildConfiguration section */
		ADDF902424D7FE4A006A1399 /* Debug */ = {
			isa = XCBuildConfiguration;
			buildSettings = {
				ALWAYS_SEARCH_USER_PATHS = NO;
				CLANG_ANALYZER_LOCALIZABILITY_NONLOCALIZED = YES;
				CLANG_ANALYZER_NONNULL = YES;
				CLANG_ANALYZER_NUMBER_OBJECT_CONVERSION = YES_AGGRESSIVE;
				CLANG_CXX_LANGUAGE_STANDARD = "gnu++14";
				CLANG_CXX_LIBRARY = "libc++";
				CLANG_ENABLE_MODULES = YES;
				CLANG_ENABLE_OBJC_ARC = YES;
				CLANG_ENABLE_OBJC_WEAK = YES;
				CLANG_WARN_BLOCK_CAPTURE_AUTORELEASING = YES;
				CLANG_WARN_BOOL_CONVERSION = YES;
				CLANG_WARN_COMMA = YES;
				CLANG_WARN_CONSTANT_CONVERSION = YES;
				CLANG_WARN_DEPRECATED_OBJC_IMPLEMENTATIONS = YES;
				CLANG_WARN_DIRECT_OBJC_ISA_USAGE = YES_ERROR;
				CLANG_WARN_DOCUMENTATION_COMMENTS = YES;
				CLANG_WARN_EMPTY_BODY = YES;
				CLANG_WARN_ENUM_CONVERSION = YES;
				CLANG_WARN_INFINITE_RECURSION = YES;
				CLANG_WARN_INT_CONVERSION = YES;
				CLANG_WARN_NON_LITERAL_NULL_CONVERSION = YES;
				CLANG_WARN_OBJC_IMPLICIT_RETAIN_SELF = YES;
				CLANG_WARN_OBJC_LITERAL_CONVERSION = YES;
				CLANG_WARN_OBJC_ROOT_CLASS = YES_ERROR;
				CLANG_WARN_QUOTED_INCLUDE_IN_FRAMEWORK_HEADER = YES;
				CLANG_WARN_RANGE_LOOP_ANALYSIS = YES;
				CLANG_WARN_STRICT_PROTOTYPES = YES;
				CLANG_WARN_SUSPICIOUS_MOVE = YES;
				CLANG_WARN_UNGUARDED_AVAILABILITY = YES_AGGRESSIVE;
				CLANG_WARN_UNREACHABLE_CODE = YES;
				CLANG_WARN__DUPLICATE_METHOD_MATCH = YES;
				COPY_PHASE_STRIP = NO;
				DEBUG_INFORMATION_FORMAT = dwarf;
				ENABLE_STRICT_OBJC_MSGSEND = YES;
				ENABLE_TESTABILITY = YES;
				GCC_C_LANGUAGE_STANDARD = gnu11;
				GCC_DYNAMIC_NO_PIC = NO;
				GCC_NO_COMMON_BLOCKS = YES;
				GCC_OPTIMIZATION_LEVEL = 0;
				GCC_PREPROCESSOR_DEFINITIONS = (
					"DEBUG=1",
					"$(inherited)",
				);
				GCC_WARN_64_TO_32_BIT_CONVERSION = YES;
				GCC_WARN_ABOUT_RETURN_TYPE = YES_ERROR;
				GCC_WARN_UNDECLARED_SELECTOR = YES;
				GCC_WARN_UNINITIALIZED_AUTOS = YES_AGGRESSIVE;
				GCC_WARN_UNUSED_FUNCTION = YES;
				GCC_WARN_UNUSED_VARIABLE = YES;
				IPHONEOS_DEPLOYMENT_TARGET = 14.0;
				MTL_ENABLE_DEBUG_INFO = INCLUDE_SOURCE;
				MTL_FAST_MATH = YES;
				ONLY_ACTIVE_ARCH = YES;
				SDKROOT = iphoneos;
				SWIFT_ACTIVE_COMPILATION_CONDITIONS = DEBUG;
				SWIFT_OPTIMIZATION_LEVEL = "-Onone";
			};
			name = Debug;
		};
		ADDF902524D7FE4A006A1399 /* Release */ = {
			isa = XCBuildConfiguration;
			buildSettings = {
				ALWAYS_SEARCH_USER_PATHS = NO;
				CLANG_ANALYZER_LOCALIZABILITY_NONLOCALIZED = YES;
				CLANG_ANALYZER_NONNULL = YES;
				CLANG_ANALYZER_NUMBER_OBJECT_CONVERSION = YES_AGGRESSIVE;
				CLANG_CXX_LANGUAGE_STANDARD = "gnu++14";
				CLANG_CXX_LIBRARY = "libc++";
				CLANG_ENABLE_MODULES = YES;
				CLANG_ENABLE_OBJC_ARC = YES;
				CLANG_ENABLE_OBJC_WEAK = YES;
				CLANG_WARN_BLOCK_CAPTURE_AUTORELEASING = YES;
				CLANG_WARN_BOOL_CONVERSION = YES;
				CLANG_WARN_COMMA = YES;
				CLANG_WARN_CONSTANT_CONVERSION = YES;
				CLANG_WARN_DEPRECATED_OBJC_IMPLEMENTATIONS = YES;
				CLANG_WARN_DIRECT_OBJC_ISA_USAGE = YES_ERROR;
				CLANG_WARN_DOCUMENTATION_COMMENTS = YES;
				CLANG_WARN_EMPTY_BODY = YES;
				CLANG_WARN_ENUM_CONVERSION = YES;
				CLANG_WARN_INFINITE_RECURSION = YES;
				CLANG_WARN_INT_CONVERSION = YES;
				CLANG_WARN_NON_LITERAL_NULL_CONVERSION = YES;
				CLANG_WARN_OBJC_IMPLICIT_RETAIN_SELF = YES;
				CLANG_WARN_OBJC_LITERAL_CONVERSION = YES;
				CLANG_WARN_OBJC_ROOT_CLASS = YES_ERROR;
				CLANG_WARN_QUOTED_INCLUDE_IN_FRAMEWORK_HEADER = YES;
				CLANG_WARN_RANGE_LOOP_ANALYSIS = YES;
				CLANG_WARN_STRICT_PROTOTYPES = YES;
				CLANG_WARN_SUSPICIOUS_MOVE = YES;
				CLANG_WARN_UNGUARDED_AVAILABILITY = YES_AGGRESSIVE;
				CLANG_WARN_UNREACHABLE_CODE = YES;
				CLANG_WARN__DUPLICATE_METHOD_MATCH = YES;
				COPY_PHASE_STRIP = NO;
				DEBUG_INFORMATION_FORMAT = "dwarf-with-dsym";
				ENABLE_NS_ASSERTIONS = NO;
				ENABLE_STRICT_OBJC_MSGSEND = YES;
				GCC_C_LANGUAGE_STANDARD = gnu11;
				GCC_NO_COMMON_BLOCKS = YES;
				GCC_WARN_64_TO_32_BIT_CONVERSION = YES;
				GCC_WARN_ABOUT_RETURN_TYPE = YES_ERROR;
				GCC_WARN_UNDECLARED_SELECTOR = YES;
				GCC_WARN_UNINITIALIZED_AUTOS = YES_AGGRESSIVE;
				GCC_WARN_UNUSED_FUNCTION = YES;
				GCC_WARN_UNUSED_VARIABLE = YES;
				IPHONEOS_DEPLOYMENT_TARGET = 14.0;
				MTL_ENABLE_DEBUG_INFO = NO;
				MTL_FAST_MATH = YES;
				SDKROOT = iphoneos;
				SWIFT_COMPILATION_MODE = wholemodule;
				SWIFT_OPTIMIZATION_LEVEL = "-O";
				VALIDATE_PRODUCT = YES;
			};
			name = Release;
		};
		ADDF902724D7FE4A006A1399 /* Debug */ = {
			isa = XCBuildConfiguration;
			buildSettings = {
				ALWAYS_EMBED_SWIFT_STANDARD_LIBRARIES = YES;
				ASSETCATALOG_COMPILER_APPICON_NAME = AppIcon;
				ASSETCATALOG_COMPILER_GLOBAL_ACCENT_COLOR_NAME = AccentColor;
				CODE_SIGN_STYLE = Automatic;
				DEVELOPMENT_ASSET_PATHS = "\"ToDo/Preview Content\"";
				DEVELOPMENT_TEAM = YM9U6GJ233;
				ENABLE_PREVIEWS = YES;
				INFOPLIST_FILE = ToDo/Info.plist;
				IPHONEOS_DEPLOYMENT_TARGET = 14.0;
				LD_RUNPATH_SEARCH_PATHS = (
					"$(inherited)",
					"@executable_path/Frameworks",
				);
				PRODUCT_BUNDLE_IDENTIFIER = com.derek.ToDo;
				PRODUCT_NAME = "$(TARGET_NAME)";
				SWIFT_VERSION = 5.0;
				TARGETED_DEVICE_FAMILY = "1,2";
			};
			name = Debug;
		};
		ADDF902824D7FE4A006A1399 /* Release */ = {
			isa = XCBuildConfiguration;
			buildSettings = {
				ALWAYS_EMBED_SWIFT_STANDARD_LIBRARIES = YES;
				ASSETCATALOG_COMPILER_APPICON_NAME = AppIcon;
				ASSETCATALOG_COMPILER_GLOBAL_ACCENT_COLOR_NAME = AccentColor;
				CODE_SIGN_STYLE = Automatic;
				DEVELOPMENT_ASSET_PATHS = "\"ToDo/Preview Content\"";
				DEVELOPMENT_TEAM = YM9U6GJ233;
				ENABLE_PREVIEWS = YES;
				INFOPLIST_FILE = ToDo/Info.plist;
				IPHONEOS_DEPLOYMENT_TARGET = 14.0;
				LD_RUNPATH_SEARCH_PATHS = (
					"$(inherited)",
					"@executable_path/Frameworks",
				);
				ONLY_ACTIVE_ARCH = YES;
				PRODUCT_BUNDLE_IDENTIFIER = com.derek.ToDo;
				PRODUCT_NAME = "$(TARGET_NAME)";
				SWIFT_VERSION = 5.0;
				TARGETED_DEVICE_FAMILY = "1,2";
			};
			name = Release;
		};
/* End XCBuildConfiguration section */

/* Begin XCConfigurationList section */
		ADDF8FF724D7FE49006A1399 /* Build configuration list for PBXProject "ToDo" */ = {
			isa = XCConfigurationList;
			buildConfigurations = (
				ADDF902424D7FE4A006A1399 /* Debug */,
				ADDF902524D7FE4A006A1399 /* Release */,
			);
			defaultConfigurationIsVisible = 0;
			defaultConfigurationName = Release;
		};
		ADDF902624D7FE4A006A1399 /* Build configuration list for PBXNativeTarget "ToDo" */ = {
			isa = XCConfigurationList;
			buildConfigurations = (
				ADDF902724D7FE4A006A1399 /* Debug */,
				ADDF902824D7FE4A006A1399 /* Release */,
			);
			defaultConfigurationIsVisible = 0;
			defaultConfigurationName = Release;
		};
/* End XCConfigurationList section */
	};
	rootObject = ADDF8FF424D7FE49006A1399 /* Project object */;
}
